Microsoft Visual Studio Solution File, Format Version 12.00
# Visual Studio Version 17
VisualStudioVersion = 17.5.2.0
MinimumVisualStudioVersion = 10.0.40219.1
Project("{FAE04EC0-301F-11D3-BF4B-00C04F79EFBC}") = "Cinema", "Cinema.csproj", "{9E1EC657-A1D4-B23F-F175-4CABF801DF16}"
EndProject
Global
	GlobalSection(SolutionConfigurationPlatforms) = preSolution
		Debug|Any CPU = Debug|Any CPU
		Release|Any CPU = Release|Any CPU
	EndGlobalSection
	GlobalSection(ProjectConfigurationPlatforms) = postSolution
		{9E1EC657-A1D4-B23F-F175-4CABF801DF16}.Debug|Any CPU.ActiveCfg = Debug|Any CPU
		{9E1EC657-A1D4-B23F-F175-4CABF801DF16}.Debug|Any CPU.Build.0 = Debug|Any CPU
		{9E1EC657-A1D4-B23F-F175-4CABF801DF16}.Release|Any CPU.ActiveCfg = Release|Any CPU
		{9E1EC657-A1D4-B23F-F175-4CABF801DF16}.Release|Any CPU.Build.0 = Release|Any CPU
	EndGlobalSection
	GlobalSection(SolutionProperties) = preSolution
		HideSolutionNode = FALSE
	EndGlobalSection
	GlobalSection(ExtensibilityGlobals) = postSolution
		SolutionGuid = {313D4982-1139-439B-8E92-D1F16814C763}
	EndGlobalSection
EndGlobal
